// !$*UTF8*$!
{
	archiveVersion = 1;
	classes = {
	};
	objectVersion = 56;
	objects = {

/* Begin PBXBuildFile section */
		186582D828EBFE050067A971 /* oscar_icon.png in Resources */ = {isa = PBXBuildFile; fileRef = 186582D728EBFE040067A971 /* oscar_icon.png */; };
		186582DB28EBFEAA0067A971 /* Kingfisher in Frameworks */ = {isa = PBXBuildFile; productRef = 186582DA28EBFEAA0067A971 /* Kingfisher */; };
		18F88EC628EB90630004DC7C /* OscarApp.swift in Sources */ = {isa = PBXBuildFile; fileRef = 18F88EC528EB90630004DC7C /* OscarApp.swift */; };
		18F88EC828EB90630004DC7C /* ContentView.swift in Sources */ = {isa = PBXBuildFile; fileRef = 18F88EC728EB90630004DC7C /* ContentView.swift */; };
		18F88ECA28EB90650004DC7C /* Assets.xcassets in Resources */ = {isa = PBXBuildFile; fileRef = 18F88EC928EB90650004DC7C /* Assets.xcassets */; };
		18F88ECD28EB90650004DC7C /* Preview Assets.xcassets in Resources */ = {isa = PBXBuildFile; fileRef = 18F88ECC28EB90650004DC7C /* Preview Assets.xcassets */; };
		18F88ED728EB90660004DC7C /* OscarTests.swift in Sources */ = {isa = PBXBuildFile; fileRef = 18F88ED628EB90660004DC7C /* OscarTests.swift */; };
		18F88EE128EB90660004DC7C /* OscarUITests.swift in Sources */ = {isa = PBXBuildFile; fileRef = 18F88EE028EB90660004DC7C /* OscarUITests.swift */; };
		18F88EE328EB90660004DC7C /* OscarUITestsLaunchTests.swift in Sources */ = {isa = PBXBuildFile; fileRef = 18F88EE228EB90660004DC7C /* OscarUITestsLaunchTests.swift */; };
/* End PBXBuildFile section */

/* Begin PBXContainerItemProxy section */
		18F88ED328EB90660004DC7C /* PBXContainerItemProxy */ = {
			isa = PBXContainerItemProxy;
			containerPortal = 18F88EBA28EB90630004DC7C /* Project object */;
			proxyType = 1;
			remoteGlobalIDString = 18F88EC128EB90630004DC7C;
			remoteInfo = Oscar;
		};
		18F88EDD28EB90660004DC7C /* PBXContainerItemProxy */ = {
			isa = PBXContainerItemProxy;
			containerPortal = 18F88EBA28EB90630004DC7C /* Project object */;
			proxyType = 1;
			remoteGlobalIDString = 18F88EC128EB90630004DC7C;
			remoteInfo = Oscar;
		};
/* End PBXContainerItemProxy section */

/* Begin PBXFileReference section */
		186582D728EBFE040067A971 /* oscar_icon.png */ = {isa = PBXFileReference; lastKnownFileType = image.png; path = oscar_icon.png; sourceTree = "<group>"; };
		18F88EC228EB90630004DC7C /* Oscar.app */ = {isa = PBXFileReference; explicitFileType = wrapper.application; includeInIndex = 0; path = Oscar.app; sourceTree = BUILT_PRODUCTS_DIR; };
		18F88EC528EB90630004DC7C /* OscarApp.swift */ = {isa = PBXFileReference; lastKnownFileType = sourcecode.swift; path = OscarApp.swift; sourceTree = "<group>"; };
		18F88EC728EB90630004DC7C /* ContentView.swift */ = {isa = PBXFileReference; lastKnownFileType = sourcecode.swift; path = ContentView.swift; sourceTree = "<group>"; };
		18F88EC928EB90650004DC7C /* Assets.xcassets */ = {isa = PBXFileReference; lastKnownFileType = folder.assetcatalog; path = Assets.xcassets; sourceTree = "<group>"; };
		18F88ECC28EB90650004DC7C /* Preview Assets.xcassets */ = {isa = PBXFileReference; lastKnownFileType = folder.assetcatalog; path = "Preview Assets.xcassets"; sourceTree = "<group>"; };
		18F88ED228EB90660004DC7C /* OscarTests.xctest */ = {isa = PBXFileReference; explicitFileType = wrapper.cfbundle; includeInIndex = 0; path = OscarTests.xctest; sourceTree = BUILT_PRODUCTS_DIR; };
		18F88ED628EB90660004DC7C /* OscarTests.swift */ = {isa = PBXFileReference; lastKnownFileType = sourcecode.swift; path = OscarTests.swift; sourceTree = "<group>"; };
		18F88EDC28EB90660004DC7C /* OscarUITests.xctest */ = {isa = PBXFileReference; explicitFileType = wrapper.cfbundle; includeInIndex = 0; path = OscarUITests.xctest; sourceTree = BUILT_PRODUCTS_DIR; };
		18F88EE028EB90660004DC7C /* OscarUITests.swift */ = {isa = PBXFileReference; lastKnownFileType = sourcecode.swift; path = OscarUITests.swift; sourceTree = "<group>"; };
		18F88EE228EB90660004DC7C /* OscarUITestsLaunchTests.swift */ = {isa = PBXFileReference; lastKnownFileType = sourcecode.swift; path = OscarUITestsLaunchTests.swift; sourceTree = "<group>"; };
/* End PBXFileReference section */

/* Begin PBXFrameworksBuildPhase section */
		18F88EBF28EB90630004DC7C /* Frameworks */ = {
			isa = PBXFrameworksBuildPhase;
			buildActionMask = 2147483647;
			files = (
				186582DB28EBFEAA0067A971 /* Kingfisher in Frameworks */,
			);
			runOnlyForDeploymentPostprocessing = 0;
		};
		18F88ECF28EB90660004DC7C /* Frameworks */ = {
			isa = PBXFrameworksBuildPhase;
			buildActionMask = 2147483647;
			files = (
			);
			runOnlyForDeploymentPostprocessing = 0;
		};
		18F88ED928EB90660004DC7C /* Frameworks */ = {
			isa = PBXFrameworksBuildPhase;
			buildActionMask = 2147483647;
			files = (
			);
			runOnlyForDeploymentPostprocessing = 0;
		};
/* End PBXFrameworksBuildPhase section */

/* Begin PBXGroup section */
		18F88EB928EB90630004DC7C = {
			isa = PBXGroup;
			children = (
				18F88EC428EB90630004DC7C /* Oscar */,
				18F88ED528EB90660004DC7C /* OscarTests */,
				18F88EDF28EB90660004DC7C /* OscarUITests */,
				18F88EC328EB90630004DC7C /* Products */,
			);
			sourceTree = "<group>";
		};
		18F88EC328EB90630004DC7C /* Products */ = {
			isa = PBXGroup;
			children = (
				18F88EC228EB90630004DC7C /* Oscar.app */,
				18F88ED228EB90660004DC7C /* OscarTests.xctest */,
				18F88EDC28EB90660004DC7C /* OscarUITests.xctest */,
			);
			name = Products;
			sourceTree = "<group>";
		};
		18F88EC428EB90630004DC7C /* Oscar */ = {
			isa = PBXGroup;
			children = (
				18F88EC528EB90630004DC7C /* OscarApp.swift */,
				18F88EC728EB90630004DC7C /* ContentView.swift */,
				18F88EC928EB90650004DC7C /* Assets.xcassets */,
				186582D728EBFE040067A971 /* oscar_icon.png */,
				18F88ECB28EB90650004DC7C /* Preview Content */,
			);
			path = Oscar;
			sourceTree = "<group>";
		};
		18F88ECB28EB90650004DC7C /* Preview Content */ = {
			isa = PBXGroup;
			children = (
				18F88ECC28EB90650004DC7C /* Preview Assets.xcassets */,
			);
			path = "Preview Content";
			sourceTree = "<group>";
		};
		18F88ED528EB90660004DC7C /* OscarTests */ = {
			isa = PBXGroup;
			children = (
				18F88ED628EB90660004DC7C /* OscarTests.swift */,
			);
			path = OscarTests;
			sourceTree = "<group>";
		};
		18F88EDF28EB90660004DC7C /* OscarUITests */ = {
			isa = PBXGroup;
			children = (
				18F88EE028EB90660004DC7C /* OscarUITests.swift */,
				18F88EE228EB90660004DC7C /* OscarUITestsLaunchTests.swift */,
			);
			path = OscarUITests;
			sourceTree = "<group>";
		};
/* End PBXGroup section */

/* Begin PBXNativeTarget section */
		18F88EC128EB90630004DC7C /* Oscar */ = {
			isa = PBXNativeTarget;
			buildConfigurationList = 18F88EE628EB90660004DC7C /* Build configuration list for PBXNativeTarget "Oscar" */;
			buildPhases = (
				18F88EBE28EB90630004DC7C /* Sources */,
				18F88EBF28EB90630004DC7C /* Frameworks */,
				18F88EC028EB90630004DC7C /* Resources */,
			);
			buildRules = (
			);
			dependencies = (
			);
			name = Oscar;
			packageProductDependencies = (
				186582DA28EBFEAA0067A971 /* Kingfisher */,
			);
			productName = Oscar;
			productReference = 18F88EC228EB90630004DC7C /* Oscar.app */;
			productType = "com.apple.product-type.application";
		};
		18F88ED128EB90660004DC7C /* OscarTests */ = {
			isa = PBXNativeTarget;
			buildConfigurationList = 18F88EE928EB90660004DC7C /* Build configuration list for PBXNativeTarget "OscarTests" */;
			buildPhases = (
				18F88ECE28EB90660004DC7C /* Sources */,
				18F88ECF28EB90660004DC7C /* Frameworks */,
				18F88ED028EB90660004DC7C /* Resources */,
			);
			buildRules = (
			);
			dependencies = (
				18F88ED428EB90660004DC7C /* PBXTargetDependency */,
			);
			name = OscarTests;
			productName = OscarTests;
			productReference = 18F88ED228EB90660004DC7C /* OscarTests.xctest */;
			productType = "com.apple.product-type.bundle.unit-test";
		};
		18F88EDB28EB90660004DC7C /* OscarUITests */ = {
			isa = PBXNativeTarget;
			buildConfigurationList = 18F88EEC28EB90660004DC7C /* Build configuration list for PBXNativeTarget "OscarUITests" */;
			buildPhases = (
				18F88ED828EB90660004DC7C /* Sources */,
				18F88ED928EB90660004DC7C /* Frameworks */,
				18F88EDA28EB90660004DC7C /* Resources */,
			);
			buildRules = (
			);
			dependencies = (
				18F88EDE28EB90660004DC7C /* PBXTargetDependency */,
			);
			name = OscarUITests;
			productName = OscarUITests;
			productReference = 18F88EDC28EB90660004DC7C /* OscarUITests.xctest */;
			productType = "com.apple.product-type.bundle.ui-testing";
		};
/* End PBXNativeTarget section */

/* Begin PBXProject section */
		18F88EBA28EB90630004DC7C /* Project object */ = {
			isa = PBXProject;
			attributes = {
				BuildIndependentTargetsInParallel = 1;
				LastSwiftUpdateCheck = 1400;
				LastUpgradeCheck = 1400;
				TargetAttributes = {
					18F88EC128EB90630004DC7C = {
						CreatedOnToolsVersion = 14.0.1;
					};
					18F88ED128EB90660004DC7C = {
						CreatedOnToolsVersion = 14.0.1;
						TestTargetID = 18F88EC128EB90630004DC7C;
					};
					18F88EDB28EB90660004DC7C = {
						CreatedOnToolsVersion = 14.0.1;
						TestTargetID = 18F88EC128EB90630004DC7C;
					};
				};
			};
			buildConfigurationList = 18F88EBD28EB90630004DC7C /* Build configuration list for PBXProject "Oscar" */;
			compatibilityVersion = "Xcode 14.0";
			developmentRegion = en;
			hasScannedForEncodings = 0;
			knownRegions = (
				en,
				Base,
			);
			mainGroup = 18F88EB928EB90630004DC7C;
			packageReferences = (
				186582D928EBFEAA0067A971 /* XCRemoteSwiftPackageReference "Kingfisher" */,
			);
			productRefGroup = 18F88EC328EB90630004DC7C /* Products */;
			projectDirPath = "";
			projectRoot = "";
			targets = (
				18F88EC128EB90630004DC7C /* Oscar */,
				18F88ED128EB90660004DC7C /* OscarTests */,
				18F88EDB28EB90660004DC7C /* OscarUITests */,
			);
		};
/* End PBXProject section */

/* Begin PBXResourcesBuildPhase section */
		18F88EC028EB90630004DC7C /* Resources */ = {
			isa = PBXResourcesBuildPhase;
			buildActionMask = 2147483647;
			files = (
				186582D828EBFE050067A971 /* oscar_icon.png in Resources */,
				18F88ECD28EB90650004DC7C /* Preview Assets.xcassets in Resources */,
				18F88ECA28EB90650004DC7C /* Assets.xcassets in Resources */,
			);
			runOnlyForDeploymentPostprocessing = 0;
		};
		18F88ED028EB90660004DC7C /* Resources */ = {
			isa = PBXResourcesBuildPhase;
			buildActionMask = 2147483647;
			files = (
			);
			runOnlyForDeploymentPostprocessing = 0;
		};
		18F88EDA28EB90660004DC7C /* Resources */ = {
			isa = PBXResourcesBuildPhase;
			buildActionMask = 2147483647;
			files = (
			);
			runOnlyForDeploymentPostprocessing = 0;
		};
/* End PBXResourcesBuildPhase section */

/* Begin PBXSourcesBuildPhase section */
		18F88EBE28EB90630004DC7C /* Sources */ = {
			isa = PBXSourcesBuildPhase;
			buildActionMask = 2147483647;
			files = (
				18F88EC828EB90630004DC7C /* ContentView.swift in Sources */,
				18F88EC628EB90630004DC7C /* OscarApp.swift in Sources */,
			);
			runOnlyForDeploymentPostprocessing = 0;
		};
		18F88ECE28EB90660004DC7C /* Sources */ = {
			isa = PBXSourcesBuildPhase;
			buildActionMask = 2147483647;
			files = (
				18F88ED728EB90660004DC7C /* OscarTests.swift in Sources */,
			);
			runOnlyForDeploymentPostprocessing = 0;
		};
		18F88ED828EB90660004DC7C /* Sources */ = {
			isa = PBXSourcesBuildPhase;
			buildActionMask = 2147483647;
			files = (
				18F88EE128EB90660004DC7C /* OscarUITests.swift in Sources */,
				18F88EE328EB90660004DC7C /* OscarUITestsLaunchTests.swift in Sources */,
			);
			runOnlyForDeploymentPostprocessing = 0;
		};
/* End PBXSourcesBuildPhase section */

/* Begin PBXTargetDependency section */
		18F88ED428EB90660004DC7C /* PBXTargetDependency */ = {
			isa = PBXTargetDependency;
			target = 18F88EC128EB90630004DC7C /* Oscar */;
			targetProxy = 18F88ED328EB90660004DC7C /* PBXContainerItemProxy */;
		};
		18F88EDE28EB90660004DC7C /* PBXTargetDependency */ = {
			isa = PBXTargetDependency;
			target = 18F88EC128EB90630004DC7C /* Oscar */;
			targetProxy = 18F88EDD28EB90660004DC7C /* PBXContainerItemProxy */;
		};
/* End PBXTargetDependency section */

/* Begin XCBuildConfiguration section */
		18F88EE428EB90660004DC7C /* Debug */ = {
			isa = XCBuildConfiguration;
			buildSettings = {
				ALWAYS_SEARCH_USER_PATHS = NO;
				CLANG_ANALYZER_NONNULL = YES;
				CLANG_ANALYZER_NUMBER_OBJECT_CONVERSION = YES_AGGRESSIVE;
				CLANG_CXX_LANGUAGE_STANDARD = "gnu++20";
				CLANG_ENABLE_MODULES = YES;
				CLANG_ENABLE_OBJC_ARC = YES;
				CLANG_ENABLE_OBJC_WEAK = YES;
				CLANG_WARN_BLOCK_CAPTURE_AUTORELEASING = YES;
				CLANG_WARN_BOOL_CONVERSION = YES;
				CLANG_WARN_COMMA = YES;
				CLANG_WARN_CONSTANT_CONVERSION = YES;
				CLANG_WARN_DEPRECATED_OBJC_IMPLEMENTATIONS = YES;
				CLANG_WARN_DIRECT_OBJC_ISA_USAGE = YES_ERROR;
				CLANG_WARN_DOCUMENTATION_COMMENTS = YES;
				CLANG_WARN_EMPTY_BODY = YES;
				CLANG_WARN_ENUM_CONVERSION = YES;
				CLANG_WARN_INFINITE_RECURSION = YES;
				CLANG_WARN_INT_CONVERSION = YES;
				CLANG_WARN_NON_LITERAL_NULL_CONVERSION = YES;
				CLANG_WARN_OBJC_IMPLICIT_RETAIN_SELF = YES;
				CLANG_WARN_OBJC_LITERAL_CONVERSION = YES;
				CLANG_WARN_OBJC_ROOT_CLASS = YES_ERROR;
				CLANG_WARN_QUOTED_INCLUDE_IN_FRAMEWORK_HEADER = YES;
				CLANG_WARN_RANGE_LOOP_ANALYSIS = YES;
				CLANG_WARN_STRICT_PROTOTYPES = YES;
				CLANG_WARN_SUSPICIOUS_MOVE = YES;
				CLANG_WARN_UNGUARDED_AVAILABILITY = YES_AGGRESSIVE;
				CLANG_WARN_UNREACHABLE_CODE = YES;
				CLANG_WARN__DUPLICATE_METHOD_MATCH = YES;
				COPY_PHASE_STRIP = NO;
				DEBUG_INFORMATION_FORMAT = dwarf;
				ENABLE_STRICT_OBJC_MSGSEND = YES;
				ENABLE_TESTABILITY = YES;
				GCC_C_LANGUAGE_STANDARD = gnu11;
				GCC_DYNAMIC_NO_PIC = NO;
				GCC_NO_COMMON_BLOCKS = YES;
				GCC_OPTIMIZATION_LEVEL = 0;
				GCC_PREPROCESSOR_DEFINITIONS = (
					"DEBUG=1",
					"$(inherited)",
				);
				GCC_WARN_64_TO_32_BIT_CONVERSION = YES;
				GCC_WARN_ABOUT_RETURN_TYPE = YES_ERROR;
				GCC_WARN_UNDECLARED_SELECTOR = YES;
				GCC_WARN_UNINITIALIZED_AUTOS = YES_AGGRESSIVE;
				GCC_WARN_UNUSED_FUNCTION = YES;
				GCC_WARN_UNUSED_VARIABLE = YES;
				IPHONEOS_DEPLOYMENT_TARGET = 16.0;
				MTL_ENABLE_DEBUG_INFO = INCLUDE_SOURCE;
				MTL_FAST_MATH = YES;
				ONLY_ACTIVE_ARCH = YES;
				SDKROOT = iphoneos;
				SWIFT_ACTIVE_COMPILATION_CONDITIONS = DEBUG;
				SWIFT_OPTIMIZATION_LEVEL = "-Onone";
			};
			name = Debug;
		};
		18F88EE528EB90660004DC7C /* Release */ = {
			isa = XCBuildConfiguration;
			buildSettings = {
				ALWAYS_SEARCH_USER_PATHS = NO;
				CLANG_ANALYZER_NONNULL = YES;
				CLANG_ANALYZER_NUMBER_OBJECT_CONVERSION = YES_AGGRESSIVE;
				CLANG_CXX_LANGUAGE_STANDARD = "gnu++20";
				CLANG_ENABLE_MODULES = YES;
				CLANG_ENABLE_OBJC_ARC = YES;
				CLANG_ENABLE_OBJC_WEAK = YES;
				CLANG_WARN_BLOCK_CAPTURE_AUTORELEASING = YES;
				CLANG_WARN_BOOL_CONVERSION = YES;
				CLANG_WARN_COMMA = YES;
				CLANG_WARN_CONSTANT_CONVERSION = YES;
				CLANG_WARN_DEPRECATED_OBJC_IMPLEMENTATIONS = YES;
				CLANG_WARN_DIRECT_OBJC_ISA_USAGE = YES_ERROR;
				CLANG_WARN_DOCUMENTATION_COMMENTS = YES;
				CLANG_WARN_EMPTY_BODY = YES;
				CLANG_WARN_ENUM_CONVERSION = YES;
				CLANG_WARN_INFINITE_RECURSION = YES;
				CLANG_WARN_INT_CONVERSION = YES;
				CLANG_WARN_NON_LITERAL_NULL_CONVERSION = YES;
				CLANG_WARN_OBJC_IMPLICIT_RETAIN_SELF = YES;
				CLANG_WARN_OBJC_LITERAL_CONVERSION = YES;
				CLANG_WARN_OBJC_ROOT_CLASS = YES_ERROR;
				CLANG_WARN_QUOTED_INCLUDE_IN_FRAMEWORK_HEADER = YES;
				CLANG_WARN_RANGE_LOOP_ANALYSIS = YES;
				CLANG_WARN_STRICT_PROTOTYPES = YES;
				CLANG_WARN_SUSPICIOUS_MOVE = YES;
				CLANG_WARN_UNGUARDED_AVAILABILITY = YES_AGGRESSIVE;
				CLANG_WARN_UNREACHABLE_CODE = YES;
				CLANG_WARN__DUPLICATE_METHOD_MATCH = YES;
				COPY_PHASE_STRIP = NO;
				DEBUG_INFORMATION_FORMAT = "dwarf-with-dsym";
				ENABLE_NS_ASSERTIONS = NO;
				ENABLE_STRICT_OBJC_MSGSEND = YES;
				ENABLE_TESTABILITY = YES;
				GCC_C_LANGUAGE_STANDARD = gnu11;
				GCC_NO_COMMON_BLOCKS = YES;
				GCC_WARN_64_TO_32_BIT_CONVERSION = YES;
				GCC_WARN_ABOUT_RETURN_TYPE = YES_ERROR;
				GCC_WARN_UNDECLARED_SELECTOR = YES;
				GCC_WARN_UNINITIALIZED_AUTOS = YES_AGGRESSIVE;
				GCC_WARN_UNUSED_FUNCTION = YES;
				GCC_WARN_UNUSED_VARIABLE = YES;
				IPHONEOS_DEPLOYMENT_TARGET = 16.0;
				MTL_ENABLE_DEBUG_INFO = NO;
				MTL_FAST_MATH = YES;
				ONLY_ACTIVE_ARCH = YES;
				SDKROOT = iphoneos;
				SWIFT_COMPILATION_MODE = wholemodule;
				SWIFT_OPTIMIZATION_LEVEL = "-O";
				VALIDATE_PRODUCT = YES;
			};
			name = Release;
		};
		18F88EE728EB90660004DC7C /* Debug */ = {
			isa = XCBuildConfiguration;
			buildSettings = {
				ASSETCATALOG_COMPILER_APPICON_NAME = AppIcon;
				ASSETCATALOG_COMPILER_GLOBAL_ACCENT_COLOR_NAME = AccentColor;
				CODE_SIGN_IDENTITY = "Apple Development";
				"CODE_SIGN_IDENTITY[sdk=iphoneos*]" = "iPhone Developer";
				CODE_SIGN_STYLE = Manual;
				CURRENT_PROJECT_VERSION = 1;
				DEVELOPMENT_ASSET_PATHS = "\"Oscar/Preview Content\"";
				DEVELOPMENT_TEAM = "";
				"DEVELOPMENT_TEAM[sdk=iphoneos*]" = NK3535BSY5;
				ENABLE_PREVIEWS = YES;
				GENERATE_INFOPLIST_FILE = YES;
				INFOPLIST_KEY_LSApplicationCategoryType = "public.app-category.business";
				INFOPLIST_KEY_UIApplicationSceneManifest_Generation = YES;
				INFOPLIST_KEY_UIApplicationSupportsIndirectInputEvents = YES;
				INFOPLIST_KEY_UILaunchScreen_Generation = YES;
				INFOPLIST_KEY_UISupportedInterfaceOrientations_iPad = "UIInterfaceOrientationPortrait UIInterfaceOrientationPortraitUpsideDown UIInterfaceOrientationLandscapeLeft UIInterfaceOrientationLandscapeRight";
				INFOPLIST_KEY_UISupportedInterfaceOrientations_iPhone = "UIInterfaceOrientationPortrait UIInterfaceOrientationLandscapeLeft UIInterfaceOrientationLandscapeRight";
				IPHONEOS_DEPLOYMENT_TARGET = 16.0;
				LD_RUNPATH_SEARCH_PATHS = (
					"$(inherited)",
					"@executable_path/Frameworks",
				);
				MARKETING_VERSION = 1.0;
				PRODUCT_BUNDLE_IDENTIFIER = com.jay.replacements.Oscar1;
				PRODUCT_NAME = "$(TARGET_NAME)";
				PROVISIONING_PROFILE_SPECIFIER = "";
				"PROVISIONING_PROFILE_SPECIFIER[sdk=iphoneos*]" = oscardev;
				SWIFT_EMIT_LOC_STRINGS = YES;
				SWIFT_VERSION = 5.0;
				TARGETED_DEVICE_FAMILY = "1,2";
			};
			name = Debug;
		};
		18F88EE828EB90660004DC7C /* Release */ = {
			isa = XCBuildConfiguration;
			buildSettings = {
				ASSETCATALOG_COMPILER_APPICON_NAME = AppIcon;
				ASSETCATALOG_COMPILER_GLOBAL_ACCENT_COLOR_NAME = AccentColor;
				CODE_SIGN_IDENTITY = "Apple Development";
				"CODE_SIGN_IDENTITY[sdk=iphoneos*]" = "iPhone Developer";
				CODE_SIGN_STYLE = Manual;
				CURRENT_PROJECT_VERSION = 1;
				DEVELOPMENT_ASSET_PATHS = "\"Oscar/Preview Content\"";
				DEVELOPMENT_TEAM = "";
				"DEVELOPMENT_TEAM[sdk=iphoneos*]" = NK3535BSY5;
				ENABLE_PREVIEWS = YES;
				GENERATE_INFOPLIST_FILE = YES;
				INFOPLIST_KEY_LSApplicationCategoryType = "public.app-category.business";
				INFOPLIST_KEY_UIApplicationSceneManifest_Generation = YES;
				INFOPLIST_KEY_UIApplicationSupportsIndirectInputEvents = YES;
				INFOPLIST_KEY_UILaunchScreen_Generation = YES;
				INFOPLIST_KEY_UISupportedInterfaceOrientations_iPad = "UIInterfaceOrientationPortrait UIInterfaceOrientationPortraitUpsideDown UIInterfaceOrientationLandscapeLeft UIInterfaceOrientationLandscapeRight";
				INFOPLIST_KEY_UISupportedInterfaceOrientations_iPhone = "UIInterfaceOrientationPortrait UIInterfaceOrientationLandscapeLeft UIInterfaceOrientationLandscapeRight";
				IPHONEOS_DEPLOYMENT_TARGET = 16.0;
				LD_RUNPATH_SEARCH_PATHS = (
					"$(inherited)",
					"@executable_path/Frameworks",
				);
				MARKETING_VERSION = 1.0;
				PRODUCT_BUNDLE_IDENTIFIER = com.jay.replacements.Oscar1;
				PRODUCT_NAME = "$(TARGET_NAME)";
				PROVISIONING_PROFILE_SPECIFIER = "";
				"PROVISIONING_PROFILE_SPECIFIER[sdk=iphoneos*]" = oscardev;
				SWIFT_EMIT_LOC_STRINGS = YES;
				SWIFT_VERSION = 5.0;
				TARGETED_DEVICE_FAMILY = "1,2";
			};
			name = Release;
		};
		18F88EEA28EB90660004DC7C /* Debug */ = {
			isa = XCBuildConfiguration;
			buildSettings = {
				ALWAYS_EMBED_SWIFT_STANDARD_LIBRARIES = YES;
				BUNDLE_LOADER = "$(TEST_HOST)";
				CODE_SIGN_STYLE = Automatic;
				CURRENT_PROJECT_VERSION = 1;
				DEVELOPMENT_TEAM = V934X4C2M8;
				GENERATE_INFOPLIST_FILE = YES;
				IPHONEOS_DEPLOYMENT_TARGET = 16.0;
				MARKETING_VERSION = 1.0;
				PRODUCT_BUNDLE_IDENTIFIER = com.jay.replacements.OscarTests;
				PRODUCT_NAME = "$(TARGET_NAME)";
				SWIFT_EMIT_LOC_STRINGS = NO;
				SWIFT_VERSION = 5.0;
				TARGETED_DEVICE_FAMILY = "1,2";
				TEST_HOST = "$(BUILT_PRODUCTS_DIR)/Oscar.app/$(BUNDLE_EXECUTABLE_FOLDER_PATH)/Oscar";
			};
			name = Debug;
		};
		18F88EEB28EB90660004DC7C /* Release */ = {
			isa = XCBuildConfiguration;
			buildSettings = {
				ALWAYS_EMBED_SWIFT_STANDARD_LIBRARIES = YES;
				BUNDLE_LOADER = "$(TEST_HOST)";
				CODE_SIGN_STYLE = Automatic;
				CURRENT_PROJECT_VERSION = 1;
				DEVELOPMENT_TEAM = V934X4C2M8;
				GENERATE_INFOPLIST_FILE = YES;
				IPHONEOS_DEPLOYMENT_TARGET = 16.0;
				MARKETING_VERSION = 1.0;
				PRODUCT_BUNDLE_IDENTIFIER = com.jay.replacements.OscarTests;
				PRODUCT_NAME = "$(TARGET_NAME)";
				SWIFT_EMIT_LOC_STRINGS = NO;
				SWIFT_VERSION = 5.0;
				TARGETED_DEVICE_FAMILY = "1,2";
				TEST_HOST = "$(BUILT_PRODUCTS_DIR)/Oscar.app/$(BUNDLE_EXECUTABLE_FOLDER_PATH)/Oscar";
			};
			name = Release;
		};
		18F88EED28EB90660004DC7C /* Debug */ = {
			isa = XCBuildConfiguration;
			buildSettings = {
				ALWAYS_EMBED_SWIFT_STANDARD_LIBRARIES = YES;
				CODE_SIGN_STYLE = Automatic;
				CURRENT_PROJECT_VERSION = 1;
				DEVELOPMENT_TEAM = V934X4C2M8;
				GENERATE_INFOPLIST_FILE = YES;
				MARKETING_VERSION = 1.0;
				PRODUCT_BUNDLE_IDENTIFIER = com.jay.replacements.OscarUITests;
				PRODUCT_NAME = "$(TARGET_NAME)";
				SWIFT_EMIT_LOC_STRINGS = NO;
				SWIFT_VERSION = 5.0;
				TARGETED_DEVICE_FAMILY = "1,2";
				TEST_TARGET_NAME = Oscar;
			};
			name = Debug;
		};
		18F88EEE28EB90660004DC7C /* Release */ = {
			isa = XCBuildConfiguration;
			buildSettings = {
				ALWAYS_EMBED_SWIFT_STANDARD_LIBRARIES = YES;
				CODE_SIGN_STYLE = Automatic;
				CURRENT_PROJECT_VERSION = 1;
				DEVELOPMENT_TEAM = V934X4C2M8;
				GENERATE_INFOPLIST_FILE = YES;
				MARKETING_VERSION = 1.0;
				PRODUCT_BUNDLE_IDENTIFIER = com.jay.replacements.OscarUITests;
				PRODUCT_NAME = "$(TARGET_NAME)";
				SWIFT_EMIT_LOC_STRINGS = NO;
				SWIFT_VERSION = 5.0;
				TARGETED_DEVICE_FAMILY = "1,2";
				TEST_TARGET_NAME = Oscar;
			};
			name = Release;
		};
/* End XCBuildConfiguration section */

/* Begin XCConfigurationList section */
		18F88EBD28EB90630004DC7C /* Build configuration list for PBXProject "Oscar" */ = {
			isa = XCConfigurationList;
			buildConfigurations = (
				18F88EE428EB90660004DC7C /* Debug */,
				18F88EE528EB90660004DC7C /* Release */,
			);
			defaultConfigurationIsVisible = 0;
			defaultConfigurationName = Release;
		};
		18F88EE628EB90660004DC7C /* Build configuration list for PBXNativeTarget "Oscar" */ = {
			isa = XCConfigurationList;
			buildConfigurations = (
				18F88EE728EB90660004DC7C /* Debug */,
				18F88EE828EB90660004DC7C /* Release */,
			);
			defaultConfigurationIsVisible = 0;
			defaultConfigurationName = Release;
		};
		18F88EE928EB90660004DC7C /* Build configuration list for PBXNativeTarget "OscarTests" */ = {
			isa = XCConfigurationList;
			buildConfigurations = (
				18F88EEA28EB90660004DC7C /* Debug */,
				18F88EEB28EB90660004DC7C /* Release */,
			);
			defaultConfigurationIsVisible = 0;
			defaultConfigurationName = Release;
		};
		18F88EEC28EB90660004DC7C /* Build configuration list for PBXNativeTarget "OscarUITests" */ = {
			isa = XCConfigurationList;
			buildConfigurations = (
				18F88EED28EB90660004DC7C /* Debug */,
				18F88EEE28EB90660004DC7C /* Release */,
			);
			defaultConfigurationIsVisible = 0;
			defaultConfigurationName = Release;
		};
/* End XCConfigurationList section */

/* Begin XCRemoteSwiftPackageReference section */
		186582D928EBFEAA0067A971 /* XCRemoteSwiftPackageReference "Kingfisher" */ = {
			isa = XCRemoteSwiftPackageReference;
			repositoryURL = "https://github.com/onevcat/Kingfisher";
			requirement = {
				branch = master;
				kind = branch;
			};
		};
/* End XCRemoteSwiftPackageReference section */

/* Begin XCSwiftPackageProductDependency section */
		186582DA28EBFEAA0067A971 /* Kingfisher */ = {
			isa = XCSwiftPackageProductDependency;
			package = 186582D928EBFEAA0067A971 /* XCRemoteSwiftPackageReference "Kingfisher" */;
			productName = Kingfisher;
		};
/* End XCSwiftPackageProductDependency section */
	};
	rootObject = 18F88EBA28EB90630004DC7C /* Project object */;
}
